####################################################################################
############################# THIS IS A GENERATED FILE #############################
#############################        DO NOT EDIT       #############################
####################################################################################

ALGOLIA_APP_ID: MFZGV2TP9M
indices: {}
